
Microsoft Visual Studio Solution File, Format Version 12.00
# Visual Studio Version 17
VisualStudioVersion = 17.1.32407.343
MinimumVisualStudioVersion = 10.0.40219.1
Project("{FAE04EC0-301F-11D3-BF4B-00C04F79EFBC}") = "WcfLib", "WcfLib\WcfLib.csproj", "{AF69B787-4A16-4CB5-B237-C594890FBC97}"
EndProject
Project("{FAE04EC0-301F-11D3-BF4B-00C04F79EFBC}") = "WcfLibTests", "WcfLibTests\WcfLibTests.csproj", "{492E8047-464C-466A-9749-CEAF2D28B6E4}"
EndProject
Global
	GlobalSection(SolutionConfigurationPlatforms) = preSolution
		Debug|Any CPU = Debug|Any CPU
		Release|Any CPU = Release|Any CPU
	EndGlobalSection
	GlobalSection(ProjectConfigurationPlatforms) = postSolution
		{AF69B787-4A16-4CB5-B237-C594890FBC97}.Debug|Any CPU.ActiveCfg = Debug|Any CPU
		{AF69B787-4A16-4CB5-B237-C594890FBC97}.Debug|Any CPU.Build.0 = Debug|Any CPU
		{AF69B787-4A16-4CB5-B237-C594890FBC97}.Release|Any CPU.ActiveCfg = Release|Any CPU
		{AF69B787-4A16-4CB5-B237-C594890FBC97}.Release|Any CPU.Build.0 = Release|Any CPU
		{492E8047-464C-466A-9749-CEAF2D28B6E4}.Debug|Any CPU.ActiveCfg = Debug|Any CPU
		{492E8047-464C-466A-9749-CEAF2D28B6E4}.Debug|Any CPU.Build.0 = Debug|Any CPU
		{492E8047-464C-466A-9749-CEAF2D28B6E4}.Release|Any CPU.ActiveCfg = Release|Any CPU
		{492E8047-464C-466A-9749-CEAF2D28B6E4}.Release|Any CPU.Build.0 = Release|Any CPU
	EndGlobalSection
	GlobalSection(SolutionProperties) = preSolution
		HideSolutionNode = FALSE
	EndGlobalSection
	GlobalSection(ExtensibilityGlobals) = postSolution
		SolutionGuid = {3B61DA2D-7F1F-4709-AB92-A5A51D9E9931}
	EndGlobalSection
EndGlobal
