
Microsoft Visual Studio Solution File, Format Version 12.00
# Visual Studio Version 17
VisualStudioVersion = 17.1.32407.343
MinimumVisualStudioVersion = 10.0.40219.1
Project("{FAE04EC0-301F-11D3-BF4B-00C04F79EFBC}") = "WcfServer", "WcfServer\WcfServer.csproj", "{797B1474-13B6-487D-92BC-2ACD1E15BC6A}"
EndProject
Global
	GlobalSection(SolutionConfigurationPlatforms) = preSolution
		Debug|Any CPU = Debug|Any CPU
		Release|Any CPU = Release|Any CPU
	EndGlobalSection
	GlobalSection(ProjectConfigurationPlatforms) = postSolution
		{797B1474-13B6-487D-92BC-2ACD1E15BC6A}.Debug|Any CPU.ActiveCfg = Debug|Any CPU
		{797B1474-13B6-487D-92BC-2ACD1E15BC6A}.Debug|Any CPU.Build.0 = Debug|Any CPU
		{797B1474-13B6-487D-92BC-2ACD1E15BC6A}.Release|Any CPU.ActiveCfg = Release|Any CPU
		{797B1474-13B6-487D-92BC-2ACD1E15BC6A}.Release|Any CPU.Build.0 = Release|Any CPU
	EndGlobalSection
	GlobalSection(SolutionProperties) = preSolution
		HideSolutionNode = FALSE
	EndGlobalSection
	GlobalSection(ExtensibilityGlobals) = postSolution
		SolutionGuid = {6B6E9C18-BD71-4585-BDBD-3D6B1EB28B58}
	EndGlobalSection
EndGlobal
